// !$*UTF8*$!
{
	archiveVersion = 1;
	classes = {
	};
	objectVersion = 56;
	objects = {

/* Begin PBXBuildFile section */
		F88CC8F02B405132006242BD /* BoardChecker.swift in Sources */ = {isa = PBXBuildFile; fileRef = F88CC8EF2B405132006242BD /* BoardChecker.swift */; };
		F8E2EC622B30B2DC00295264 /* WolfAndSheepApp.swift in Sources */ = {isa = PBXBuildFile; fileRef = F8E2EC612B30B2DC00295264 /* WolfAndSheepApp.swift */; };
		F8E2EC642B30B2DC00295264 /* ContentView.swift in Sources */ = {isa = PBXBuildFile; fileRef = F8E2EC632B30B2DC00295264 /* ContentView.swift */; };
		F8E2EC662B30B2DE00295264 /* Assets.xcassets in Resources */ = {isa = PBXBuildFile; fileRef = F8E2EC652B30B2DE00295264 /* Assets.xcassets */; };
		F8E2EC692B30B2DE00295264 /* Preview Assets.xcassets in Resources */ = {isa = PBXBuildFile; fileRef = F8E2EC682B30B2DE00295264 /* Preview Assets.xcassets */; };
		F8E2EC702B30B50C00295264 /* BoardModel.swift in Sources */ = {isa = PBXBuildFile; fileRef = F8E2EC6F2B30B50C00295264 /* BoardModel.swift */; };
		F8E2EC722B30B54E00295264 /* BoardViewModel.swift in Sources */ = {isa = PBXBuildFile; fileRef = F8E2EC712B30B54E00295264 /* BoardViewModel.swift */; };
		F8E2EC762B30BA2300295264 /* BoardSquare.swift in Sources */ = {isa = PBXBuildFile; fileRef = F8E2EC752B30BA2300295264 /* BoardSquare.swift */; };
		F8E2EC782B30BCD000295264 /* CheckerType.swift in Sources */ = {isa = PBXBuildFile; fileRef = F8E2EC772B30BCD000295264 /* CheckerType.swift */; };
/* End PBXBuildFile section */

/* Begin PBXFileReference section */
		F88CC8EF2B405132006242BD /* BoardChecker.swift */ = {isa = PBXFileReference; lastKnownFileType = sourcecode.swift; path = BoardChecker.swift; sourceTree = "<group>"; };
		F8E2EC5E2B30B2DC00295264 /* WolfAndSheep.app */ = {isa = PBXFileReference; explicitFileType = wrapper.application; includeInIndex = 0; path = WolfAndSheep.app; sourceTree = BUILT_PRODUCTS_DIR; };
		F8E2EC612B30B2DC00295264 /* WolfAndSheepApp.swift */ = {isa = PBXFileReference; lastKnownFileType = sourcecode.swift; path = WolfAndSheepApp.swift; sourceTree = "<group>"; };
		F8E2EC632B30B2DC00295264 /* ContentView.swift */ = {isa = PBXFileReference; lastKnownFileType = sourcecode.swift; path = ContentView.swift; sourceTree = "<group>"; };
		F8E2EC652B30B2DE00295264 /* Assets.xcassets */ = {isa = PBXFileReference; lastKnownFileType = folder.assetcatalog; path = Assets.xcassets; sourceTree = "<group>"; };
		F8E2EC682B30B2DE00295264 /* Preview Assets.xcassets */ = {isa = PBXFileReference; lastKnownFileType = folder.assetcatalog; path = "Preview Assets.xcassets"; sourceTree = "<group>"; };
		F8E2EC6F2B30B50C00295264 /* BoardModel.swift */ = {isa = PBXFileReference; lastKnownFileType = sourcecode.swift; path = BoardModel.swift; sourceTree = "<group>"; };
		F8E2EC712B30B54E00295264 /* BoardViewModel.swift */ = {isa = PBXFileReference; lastKnownFileType = sourcecode.swift; path = BoardViewModel.swift; sourceTree = "<group>"; };
		F8E2EC752B30BA2300295264 /* BoardSquare.swift */ = {isa = PBXFileReference; lastKnownFileType = sourcecode.swift; path = BoardSquare.swift; sourceTree = "<group>"; };
		F8E2EC772B30BCD000295264 /* CheckerType.swift */ = {isa = PBXFileReference; lastKnownFileType = sourcecode.swift; path = CheckerType.swift; sourceTree = "<group>"; };
/* End PBXFileReference section */

/* Begin PBXFrameworksBuildPhase section */
		F8E2EC5B2B30B2DC00295264 /* Frameworks */ = {
			isa = PBXFrameworksBuildPhase;
			buildActionMask = 2147483647;
			files = (
			);
			runOnlyForDeploymentPostprocessing = 0;
		};
/* End PBXFrameworksBuildPhase section */

/* Begin PBXGroup section */
		F8E2EC552B30B2DC00295264 = {
			isa = PBXGroup;
			children = (
				F8E2EC602B30B2DC00295264 /* WolfAndSheep */,
				F8E2EC5F2B30B2DC00295264 /* Products */,
			);
			sourceTree = "<group>";
		};
		F8E2EC5F2B30B2DC00295264 /* Products */ = {
			isa = PBXGroup;
			children = (
				F8E2EC5E2B30B2DC00295264 /* WolfAndSheep.app */,
			);
			name = Products;
			sourceTree = "<group>";
		};
		F8E2EC602B30B2DC00295264 /* WolfAndSheep */ = {
			isa = PBXGroup;
			children = (
				F8E2EC612B30B2DC00295264 /* WolfAndSheepApp.swift */,
				F8E2EC632B30B2DC00295264 /* ContentView.swift */,
				F8E2EC652B30B2DE00295264 /* Assets.xcassets */,
				F8E2EC672B30B2DE00295264 /* Preview Content */,
				F8E2EC6F2B30B50C00295264 /* BoardModel.swift */,
				F8E2EC712B30B54E00295264 /* BoardViewModel.swift */,
				F8E2EC752B30BA2300295264 /* BoardSquare.swift */,
				F8E2EC772B30BCD000295264 /* CheckerType.swift */,
				F88CC8EF2B405132006242BD /* BoardChecker.swift */,
			);
			path = WolfAndSheep;
			sourceTree = "<group>";
		};
		F8E2EC672B30B2DE00295264 /* Preview Content */ = {
			isa = PBXGroup;
			children = (
				F8E2EC682B30B2DE00295264 /* Preview Assets.xcassets */,
			);
			path = "Preview Content";
			sourceTree = "<group>";
		};
/* End PBXGroup section */

/* Begin PBXNativeTarget section */
		F8E2EC5D2B30B2DC00295264 /* WolfAndSheep */ = {
			isa = PBXNativeTarget;
			buildConfigurationList = F8E2EC6C2B30B2DE00295264 /* Build configuration list for PBXNativeTarget "WolfAndSheep" */;
			buildPhases = (
				F8E2EC5A2B30B2DC00295264 /* Sources */,
				F8E2EC5B2B30B2DC00295264 /* Frameworks */,
				F8E2EC5C2B30B2DC00295264 /* Resources */,
			);
			buildRules = (
			);
			dependencies = (
			);
			name = WolfAndSheep;
			productName = WolfAndSheep;
			productReference = F8E2EC5E2B30B2DC00295264 /* WolfAndSheep.app */;
			productType = "com.apple.product-type.application";
		};
/* End PBXNativeTarget section */

/* Begin PBXProject section */
		F8E2EC562B30B2DC00295264 /* Project object */ = {
			isa = PBXProject;
			attributes = {
				BuildIndependentTargetsInParallel = 1;
				LastSwiftUpdateCheck = 1500;
				LastUpgradeCheck = 1500;
				TargetAttributes = {
					F8E2EC5D2B30B2DC00295264 = {
						CreatedOnToolsVersion = 15.0;
					};
				};
			};
			buildConfigurationList = F8E2EC592B30B2DC00295264 /* Build configuration list for PBXProject "WolfAndSheep" */;
			compatibilityVersion = "Xcode 14.0";
			developmentRegion = en;
			hasScannedForEncodings = 0;
			knownRegions = (
				en,
				Base,
			);
			mainGroup = F8E2EC552B30B2DC00295264;
			productRefGroup = F8E2EC5F2B30B2DC00295264 /* Products */;
			projectDirPath = "";
			projectRoot = "";
			targets = (
				F8E2EC5D2B30B2DC00295264 /* WolfAndSheep */,
			);
		};
/* End PBXProject section */

/* Begin PBXResourcesBuildPhase section */
		F8E2EC5C2B30B2DC00295264 /* Resources */ = {
			isa = PBXResourcesBuildPhase;
			buildActionMask = 2147483647;
			files = (
				F8E2EC692B30B2DE00295264 /* Preview Assets.xcassets in Resources */,
				F8E2EC662B30B2DE00295264 /* Assets.xcassets in Resources */,
			);
			runOnlyForDeploymentPostprocessing = 0;
		};
/* End PBXResourcesBuildPhase section */

/* Begin PBXSourcesBuildPhase section */
		F8E2EC5A2B30B2DC00295264 /* Sources */ = {
			isa = PBXSourcesBuildPhase;
			buildActionMask = 2147483647;
			files = (
				F88CC8F02B405132006242BD /* BoardChecker.swift in Sources */,
				F8E2EC642B30B2DC00295264 /* ContentView.swift in Sources */,
				F8E2EC622B30B2DC00295264 /* WolfAndSheepApp.swift in Sources */,
				F8E2EC782B30BCD000295264 /* CheckerType.swift in Sources */,
				F8E2EC762B30BA2300295264 /* BoardSquare.swift in Sources */,
				F8E2EC722B30B54E00295264 /* BoardViewModel.swift in Sources */,
				F8E2EC702B30B50C00295264 /* BoardModel.swift in Sources */,
			);
			runOnlyForDeploymentPostprocessing = 0;
		};
/* End PBXSourcesBuildPhase section */

/* Begin XCBuildConfiguration section */
		F8E2EC6A2B30B2DE00295264 /* Debug */ = {
			isa = XCBuildConfiguration;
			buildSettings = {
				ALWAYS_SEARCH_USER_PATHS = NO;
				ASSETCATALOG_COMPILER_GENERATE_SWIFT_ASSET_SYMBOL_EXTENSIONS = YES;
				CLANG_ANALYZER_NONNULL = YES;
				CLANG_ANALYZER_NUMBER_OBJECT_CONVERSION = YES_AGGRESSIVE;
				CLANG_CXX_LANGUAGE_STANDARD = "gnu++20";
				CLANG_ENABLE_MODULES = YES;
				CLANG_ENABLE_OBJC_ARC = YES;
				CLANG_ENABLE_OBJC_WEAK = YES;
				CLANG_WARN_BLOCK_CAPTURE_AUTORELEASING = YES;
				CLANG_WARN_BOOL_CONVERSION = YES;
				CLANG_WARN_COMMA = YES;
				CLANG_WARN_CONSTANT_CONVERSION = YES;
				CLANG_WARN_DEPRECATED_OBJC_IMPLEMENTATIONS = YES;
				CLANG_WARN_DIRECT_OBJC_ISA_USAGE = YES_ERROR;
				CLANG_WARN_DOCUMENTATION_COMMENTS = YES;
				CLANG_WARN_EMPTY_BODY = YES;
				CLANG_WARN_ENUM_CONVERSION = YES;
				CLANG_WARN_INFINITE_RECURSION = YES;
				CLANG_WARN_INT_CONVERSION = YES;
				CLANG_WARN_NON_LITERAL_NULL_CONVERSION = YES;
				CLANG_WARN_OBJC_IMPLICIT_RETAIN_SELF = YES;
				CLANG_WARN_OBJC_LITERAL_CONVERSION = YES;
				CLANG_WARN_OBJC_ROOT_CLASS = YES_ERROR;
				CLANG_WARN_QUOTED_INCLUDE_IN_FRAMEWORK_HEADER = YES;
				CLANG_WARN_RANGE_LOOP_ANALYSIS = YES;
				CLANG_WARN_STRICT_PROTOTYPES = YES;
				CLANG_WARN_SUSPICIOUS_MOVE = YES;
				CLANG_WARN_UNGUARDED_AVAILABILITY = YES_AGGRESSIVE;
				CLANG_WARN_UNREACHABLE_CODE = YES;
				CLANG_WARN__DUPLICATE_METHOD_MATCH = YES;
				COPY_PHASE_STRIP = NO;
				DEBUG_INFORMATION_FORMAT = dwarf;
				ENABLE_STRICT_OBJC_MSGSEND = YES;
				ENABLE_TESTABILITY = YES;
				ENABLE_USER_SCRIPT_SANDBOXING = YES;
				GCC_C_LANGUAGE_STANDARD = gnu17;
				GCC_DYNAMIC_NO_PIC = NO;
				GCC_NO_COMMON_BLOCKS = YES;
				GCC_OPTIMIZATION_LEVEL = 0;
				GCC_PREPROCESSOR_DEFINITIONS = (
					"DEBUG=1",
					"$(inherited)",
				);
				GCC_WARN_64_TO_32_BIT_CONVERSION = YES;
				GCC_WARN_ABOUT_RETURN_TYPE = YES_ERROR;
				GCC_WARN_UNDECLARED_SELECTOR = YES;
				GCC_WARN_UNINITIALIZED_AUTOS = YES_AGGRESSIVE;
				GCC_WARN_UNUSED_FUNCTION = YES;
				GCC_WARN_UNUSED_VARIABLE = YES;
				IPHONEOS_DEPLOYMENT_TARGET = 17.0;
				LOCALIZATION_PREFERS_STRING_CATALOGS = YES;
				MTL_ENABLE_DEBUG_INFO = INCLUDE_SOURCE;
				MTL_FAST_MATH = YES;
				ONLY_ACTIVE_ARCH = YES;
				SDKROOT = iphoneos;
				SWIFT_ACTIVE_COMPILATION_CONDITIONS = "DEBUG $(inherited)";
				SWIFT_OPTIMIZATION_LEVEL = "-Onone";
			};
			name = Debug;
		};
		F8E2EC6B2B30B2DE00295264 /* Release */ = {
			isa = XCBuildConfiguration;
			buildSettings = {
				ALWAYS_SEARCH_USER_PATHS = NO;
				ASSETCATALOG_COMPILER_GENERATE_SWIFT_ASSET_SYMBOL_EXTENSIONS = YES;
				CLANG_ANALYZER_NONNULL = YES;
				CLANG_ANALYZER_NUMBER_OBJECT_CONVERSION = YES_AGGRESSIVE;
				CLANG_CXX_LANGUAGE_STANDARD = "gnu++20";
				CLANG_ENABLE_MODULES = YES;
				CLANG_ENABLE_OBJC_ARC = YES;
				CLANG_ENABLE_OBJC_WEAK = YES;
				CLANG_WARN_BLOCK_CAPTURE_AUTORELEASING = YES;
				CLANG_WARN_BOOL_CONVERSION = YES;
				CLANG_WARN_COMMA = YES;
				CLANG_WARN_CONSTANT_CONVERSION = YES;
				CLANG_WARN_DEPRECATED_OBJC_IMPLEMENTATIONS = YES;
				CLANG_WARN_DIRECT_OBJC_ISA_USAGE = YES_ERROR;
				CLANG_WARN_DOCUMENTATION_COMMENTS = YES;
				CLANG_WARN_EMPTY_BODY = YES;
				CLANG_WARN_ENUM_CONVERSION = YES;
				CLANG_WARN_INFINITE_RECURSION = YES;
				CLANG_WARN_INT_CONVERSION = YES;
				CLANG_WARN_NON_LITERAL_NULL_CONVERSION = YES;
				CLANG_WARN_OBJC_IMPLICIT_RETAIN_SELF = YES;
				CLANG_WARN_OBJC_LITERAL_CONVERSION = YES;
				CLANG_WARN_OBJC_ROOT_CLASS = YES_ERROR;
				CLANG_WARN_QUOTED_INCLUDE_IN_FRAMEWORK_HEADER = YES;
				CLANG_WARN_RANGE_LOOP_ANALYSIS = YES;
				CLANG_WARN_STRICT_PROTOTYPES = YES;
				CLANG_WARN_SUSPICIOUS_MOVE = YES;
				CLANG_WARN_UNGUARDED_AVAILABILITY = YES_AGGRESSIVE;
				CLANG_WARN_UNREACHABLE_CODE = YES;
				CLANG_WARN__DUPLICATE_METHOD_MATCH = YES;
				COPY_PHASE_STRIP = NO;
				DEBUG_INFORMATION_FORMAT = "dwarf-with-dsym";
				ENABLE_NS_ASSERTIONS = NO;
				ENABLE_STRICT_OBJC_MSGSEND = YES;
				ENABLE_USER_SCRIPT_SANDBOXING = YES;
				GCC_C_LANGUAGE_STANDARD = gnu17;
				GCC_NO_COMMON_BLOCKS = YES;
				GCC_WARN_64_TO_32_BIT_CONVERSION = YES;
				GCC_WARN_ABOUT_RETURN_TYPE = YES_ERROR;
				GCC_WARN_UNDECLARED_SELECTOR = YES;
				GCC_WARN_UNINITIALIZED_AUTOS = YES_AGGRESSIVE;
				GCC_WARN_UNUSED_FUNCTION = YES;
				GCC_WARN_UNUSED_VARIABLE = YES;
				IPHONEOS_DEPLOYMENT_TARGET = 17.0;
				LOCALIZATION_PREFERS_STRING_CATALOGS = YES;
				MTL_ENABLE_DEBUG_INFO = NO;
				MTL_FAST_MATH = YES;
				SDKROOT = iphoneos;
				SWIFT_COMPILATION_MODE = wholemodule;
				VALIDATE_PRODUCT = YES;
			};
			name = Release;
		};
		F8E2EC6D2B30B2DE00295264 /* Debug */ = {
			isa = XCBuildConfiguration;
			buildSettings = {
				ASSETCATALOG_COMPILER_APPICON_NAME = AppIcon;
				ASSETCATALOG_COMPILER_GLOBAL_ACCENT_COLOR_NAME = AccentColor;
				CODE_SIGN_STYLE = Automatic;
				CURRENT_PROJECT_VERSION = 1;
				DEVELOPMENT_ASSET_PATHS = "\"WolfAndSheep/Preview Content\"";
				ENABLE_PREVIEWS = YES;
				GENERATE_INFOPLIST_FILE = YES;
				INFOPLIST_KEY_UIApplicationSceneManifest_Generation = YES;
				INFOPLIST_KEY_UIApplicationSupportsIndirectInputEvents = YES;
				INFOPLIST_KEY_UILaunchScreen_Generation = YES;
				INFOPLIST_KEY_UISupportedInterfaceOrientations_iPad = "UIInterfaceOrientationPortrait UIInterfaceOrientationPortraitUpsideDown UIInterfaceOrientationLandscapeLeft UIInterfaceOrientationLandscapeRight";
				INFOPLIST_KEY_UISupportedInterfaceOrientations_iPhone = "UIInterfaceOrientationPortrait UIInterfaceOrientationLandscapeLeft UIInterfaceOrientationLandscapeRight";
				LD_RUNPATH_SEARCH_PATHS = (
					"$(inherited)",
					"@executable_path/Frameworks",
				);
				MARKETING_VERSION = 1.0;
				PRODUCT_BUNDLE_IDENTIFIER = lavertis.WolfAndSheep;
				PRODUCT_NAME = "$(TARGET_NAME)";
				SWIFT_EMIT_LOC_STRINGS = YES;
				SWIFT_VERSION = 5.0;
				TARGETED_DEVICE_FAMILY = "1,2";
			};
			name = Debug;
		};
		F8E2EC6E2B30B2DE00295264 /* Release */ = {
			isa = XCBuildConfiguration;
			buildSettings = {
				ASSETCATALOG_COMPILER_APPICON_NAME = AppIcon;
				ASSETCATALOG_COMPILER_GLOBAL_ACCENT_COLOR_NAME = AccentColor;
				CODE_SIGN_STYLE = Automatic;
				CURRENT_PROJECT_VERSION = 1;
				DEVELOPMENT_ASSET_PATHS = "\"WolfAndSheep/Preview Content\"";
				ENABLE_PREVIEWS = YES;
				GENERATE_INFOPLIST_FILE = YES;
				INFOPLIST_KEY_UIApplicationSceneManifest_Generation = YES;
				INFOPLIST_KEY_UIApplicationSupportsIndirectInputEvents = YES;
				INFOPLIST_KEY_UILaunchScreen_Generation = YES;
				INFOPLIST_KEY_UISupportedInterfaceOrientations_iPad = "UIInterfaceOrientationPortrait UIInterfaceOrientationPortraitUpsideDown UIInterfaceOrientationLandscapeLeft UIInterfaceOrientationLandscapeRight";
				INFOPLIST_KEY_UISupportedInterfaceOrientations_iPhone = "UIInterfaceOrientationPortrait UIInterfaceOrientationLandscapeLeft UIInterfaceOrientationLandscapeRight";
				LD_RUNPATH_SEARCH_PATHS = (
					"$(inherited)",
					"@executable_path/Frameworks",
				);
				MARKETING_VERSION = 1.0;
				PRODUCT_BUNDLE_IDENTIFIER = lavertis.WolfAndSheep;
				PRODUCT_NAME = "$(TARGET_NAME)";
				SWIFT_EMIT_LOC_STRINGS = YES;
				SWIFT_VERSION = 5.0;
				TARGETED_DEVICE_FAMILY = "1,2";
			};
			name = Release;
		};
/* End XCBuildConfiguration section */

/* Begin XCConfigurationList section */
		F8E2EC592B30B2DC00295264 /* Build configuration list for PBXProject "WolfAndSheep" */ = {
			isa = XCConfigurationList;
			buildConfigurations = (
				F8E2EC6A2B30B2DE00295264 /* Debug */,
				F8E2EC6B2B30B2DE00295264 /* Release */,
			);
			defaultConfigurationIsVisible = 0;
			defaultConfigurationName = Release;
		};
		F8E2EC6C2B30B2DE00295264 /* Build configuration list for PBXNativeTarget "WolfAndSheep" */ = {
			isa = XCConfigurationList;
			buildConfigurations = (
				F8E2EC6D2B30B2DE00295264 /* Debug */,
				F8E2EC6E2B30B2DE00295264 /* Release */,
			);
			defaultConfigurationIsVisible = 0;
			defaultConfigurationName = Release;
		};
/* End XCConfigurationList section */
	};
	rootObject = F8E2EC562B30B2DC00295264 /* Project object */;
}
